
Microsoft Visual Studio Solution File, Format Version 12.00
# Visual Studio Version 17
VisualStudioVersion = 17.5.33516.290
MinimumVisualStudioVersion = 10.0.40219.1
Project("{FAE04EC0-301F-11D3-BF4B-00C04F79EFBC}") = "Everydaynik", "Everydaynik\Everydaynik.csproj", "{B06349D4-0813-4259-8644-5DD9B648A2A5}"
EndProject
Global
	GlobalSection(SolutionConfigurationPlatforms) = preSolution
		Debug|Any CPU = Debug|Any CPU
		Release|Any CPU = Release|Any CPU
	EndGlobalSection
	GlobalSection(ProjectConfigurationPlatforms) = postSolution
		{B06349D4-0813-4259-8644-5DD9B648A2A5}.Debug|Any CPU.ActiveCfg = Debug|Any CPU
		{B06349D4-0813-4259-8644-5DD9B648A2A5}.Debug|Any CPU.Build.0 = Debug|Any CPU
		{B06349D4-0813-4259-8644-5DD9B648A2A5}.Release|Any CPU.ActiveCfg = Release|Any CPU
		{B06349D4-0813-4259-8644-5DD9B648A2A5}.Release|Any CPU.Build.0 = Release|Any CPU
	EndGlobalSection
	GlobalSection(SolutionProperties) = preSolution
		HideSolutionNode = FALSE
	EndGlobalSection
	GlobalSection(ExtensibilityGlobals) = postSolution
		SolutionGuid = {8E734647-7774-40FC-A1DF-BB4841B031B8}
	EndGlobalSection
EndGlobal
